
Microsoft Visual Studio Solution File, Format Version 12.00
# Visual Studio Version 17
VisualStudioVersion = 17.4.33205.214
MinimumVisualStudioVersion = 10.0.40219.1
Project("{FAE04EC0-301F-11D3-BF4B-00C04F79EFBC}") = "Week2", "Week2\Week2.csproj", "{CC88F194-C548-4ECA-B2AE-0747EDF8EA38}"
EndProject
Project("{FAE04EC0-301F-11D3-BF4B-00C04F79EFBC}") = "UserGenderValidation", "UserAgeValidation\UserGenderValidation.csproj", "{EF65A8AA-4CC4-4543-ACBF-1A3BDC5F8E01}"
EndProject
Project("{FAE04EC0-301F-11D3-BF4B-00C04F79EFBC}") = "UserAgeValidation1", "UserAgeValidation1\UserAgeValidation1.csproj", "{9C50834B-4381-4E5E-8CE4-910538465217}"
EndProject
Global
	GlobalSection(SolutionConfigurationPlatforms) = preSolution
		Debug|Any CPU = Debug|Any CPU
		Release|Any CPU = Release|Any CPU
	EndGlobalSection
	GlobalSection(ProjectConfigurationPlatforms) = postSolution
		{CC88F194-C548-4ECA-B2AE-0747EDF8EA38}.Debug|Any CPU.ActiveCfg = Debug|Any CPU
		{CC88F194-C548-4ECA-B2AE-0747EDF8EA38}.Debug|Any CPU.Build.0 = Debug|Any CPU
		{CC88F194-C548-4ECA-B2AE-0747EDF8EA38}.Release|Any CPU.ActiveCfg = Release|Any CPU
		{CC88F194-C548-4ECA-B2AE-0747EDF8EA38}.Release|Any CPU.Build.0 = Release|Any CPU
		{EF65A8AA-4CC4-4543-ACBF-1A3BDC5F8E01}.Debug|Any CPU.ActiveCfg = Debug|Any CPU
		{EF65A8AA-4CC4-4543-ACBF-1A3BDC5F8E01}.Debug|Any CPU.Build.0 = Debug|Any CPU
		{EF65A8AA-4CC4-4543-ACBF-1A3BDC5F8E01}.Release|Any CPU.ActiveCfg = Release|Any CPU
		{EF65A8AA-4CC4-4543-ACBF-1A3BDC5F8E01}.Release|Any CPU.Build.0 = Release|Any CPU
		{9C50834B-4381-4E5E-8CE4-910538465217}.Debug|Any CPU.ActiveCfg = Debug|Any CPU
		{9C50834B-4381-4E5E-8CE4-910538465217}.Debug|Any CPU.Build.0 = Debug|Any CPU
		{9C50834B-4381-4E5E-8CE4-910538465217}.Release|Any CPU.ActiveCfg = Release|Any CPU
		{9C50834B-4381-4E5E-8CE4-910538465217}.Release|Any CPU.Build.0 = Release|Any CPU
	EndGlobalSection
	GlobalSection(SolutionProperties) = preSolution
		HideSolutionNode = FALSE
	EndGlobalSection
	GlobalSection(ExtensibilityGlobals) = postSolution
		SolutionGuid = {1E34887B-2424-452D-BCF3-E0AEEE20B70C}
	EndGlobalSection
EndGlobal
